
Microsoft Visual Studio Solution File, Format Version 12.00
# Visual Studio 14
VisualStudioVersion = 14.0.25420.1
MinimumVisualStudioVersion = 10.0.40219.1
Project("{FAE04EC0-301F-11D3-BF4B-00C04F79EFBC}") = "Eiap.Framework", "Eiap.Framework\Eiap.Framework.csproj", "{A29D9E5F-1889-4C23-A991-6BCD9CC91A45}"
EndProject
Project("{FAE04EC0-301F-11D3-BF4B-00C04F79EFBC}") = "Eiap.Framework.Common.DataAccess.SQLServer", "Eiap.Framework.DataAccess.SQLServer\Eiap.Framework.Common.DataAccess.SQLServer.csproj", "{E986F31F-433C-4BA0-9284-744C2D01B497}"
EndProject
Project("{FAE04EC0-301F-11D3-BF4B-00C04F79EFBC}") = "Eiap.Framework.Common.DataMapping.SQLServer", "Eiap.Framework.DataMapping.SQLServer\Eiap.Framework.Common.DataMapping.SQLServer.csproj", "{1EFE8B75-D3D9-4608-B29A-EF026770BDC5}"
EndProject
Project("{FAE04EC0-301F-11D3-BF4B-00C04F79EFBC}") = "Eiap.Framework.Base.Dependency.SXW", "Eiap.Framework.Base.Dependency.SXW\Eiap.Framework.Base.Dependency.SXW.csproj", "{EFCA732E-18CF-410E-ADF5-B8A3E4C28FF3}"
EndProject
Project("{FAE04EC0-301F-11D3-BF4B-00C04F79EFBC}") = "Eiap.Framework.Base.DynamicProxy.SXW", "Eiap.Framework.Base.DynamicProxy.SXW\Eiap.Framework.Base.DynamicProxy.SXW.csproj", "{C0281458-6CE2-42DD-A807-C1C74557F354}"
EndProject
Project("{FAE04EC0-301F-11D3-BF4B-00C04F79EFBC}") = "Eiap.Framework.Base.Logger.SQLServer", "Eiap.Framework.Base.Logger.SQLServer\Eiap.Framework.Base.Logger.SQLServer.csproj", "{304FB927-68A0-47FB-A86D-28BF11B3D2C6}"
EndProject
Project("{FAE04EC0-301F-11D3-BF4B-00C04F79EFBC}") = "Eiap.Framework.AppBase.DTOMapper.SXW", "Eiap.Framework.AppBase.DTOMapper.SXW\Eiap.Framework.AppBase.DTOMapper.SXW.csproj", "{02740774-D816-47C0-8605-006A92B79FC5}"
EndProject
Project("{FAE04EC0-301F-11D3-BF4B-00C04F79EFBC}") = "Eiap.Framework.AppBase.DomainEvent.SXW", "Eiap.Framework.AppBase.DomainEvent.SXW\Eiap.Framework.AppBase.DomainEvent.SXW.csproj", "{FC92C8DD-4980-409A-B0A7-66132D822CAA}"
EndProject
Project("{FAE04EC0-301F-11D3-BF4B-00C04F79EFBC}") = "Eiap.Framework.AppBase.DomainService.SXW", "Eiap.Framework.AppBase.DomainService.SXW\Eiap.Framework.AppBase.DomainService.SXW.csproj", "{3B048B35-3ACE-43CA-95DF-218828230D25}"
EndProject
Project("{FAE04EC0-301F-11D3-BF4B-00C04F79EFBC}") = "Eiap.Framework.AppBase.ApplicationService.SXW", "Eiap.Framework.AppBase.ApplicationService.SXW\Eiap.Framework.AppBase.ApplicationService.SXW.csproj", "{D69A7F3E-EADD-494B-AFBB-D6086B6F6FE1}"
EndProject
Project("{FAE04EC0-301F-11D3-BF4B-00C04F79EFBC}") = "Eiap.Framework.AppBase.Repository.SXW", "Eiap.Framework.AppBase.Repository.SXW\Eiap.Framework.AppBase.Repository.SXW.csproj", "{1D1818CD-255C-4EEA-BB55-6D0770D9D177}"
EndProject
Project("{FAE04EC0-301F-11D3-BF4B-00C04F79EFBC}") = "Eiap.Framework.AppBase.UnitOfWork.SXW", "Eiap.Framework.AppBase.UnitOfWork.SXW\Eiap.Framework.AppBase.UnitOfWork.SXW.csproj", "{305C705E-D5BC-4DE3-BF41-BB89A0EADD37}"
EndProject
Project("{FAE04EC0-301F-11D3-BF4B-00C04F79EFBC}") = "Eiap.Framework.AppBase.BussinessService.SXW", "Eiap.Framework.AppBase.BussinessService.SXW\Eiap.Framework.AppBase.BussinessService.SXW.csproj", "{23FA8FA4-C448-4921-B19B-E7DECFCF641D}"
EndProject
Project("{FAE04EC0-301F-11D3-BF4B-00C04F79EFBC}") = "Eiap.Framework.Base.Logger.LocalFile", "Eiap.Framework.Base.Logger.LocalFile\Eiap.Framework.Base.Logger.LocalFile.csproj", "{C9F8075B-770C-4959-92CE-78F89F6EF2AA}"
EndProject
Project("{FAE04EC0-301F-11D3-BF4B-00C04F79EFBC}") = "Eiap.Framework.Base.Interceptor.SXW", "Eiap.Framework.Base.Interceptor.SXW\Eiap.Framework.Base.Interceptor.SXW.csproj", "{D75B6A91-8FE7-4B06-A52C-0A7FC998BD6F}"
EndProject
Project("{FAE04EC0-301F-11D3-BF4B-00C04F79EFBC}") = "Eiap.Framework.Base.UnitTest.SXW", "Eiap.Framework.Base.UnitTest.SXW\Eiap.Framework.Base.UnitTest.SXW.csproj", "{9DD6505F-1710-409D-A516-1AD3E2B15208}"
EndProject
Project("{FAE04EC0-301F-11D3-BF4B-00C04F79EFBC}") = "Eiap.Framework.Base.UnitTest.SXW.Test", "Eiap.Framework.Base.UnitTest.SXW.Test\Eiap.Framework.Base.UnitTest.SXW.Test.csproj", "{A2CEBDB4-32E6-44BD-A1B6-AB6D4250670E}"
EndProject
Project("{FAE04EC0-301F-11D3-BF4B-00C04F79EFBC}") = "Eiap.Framework.Base.Cache.SXW", "Eiap.Framework.Base.Cache.SXW\Eiap.Framework.Base.Cache.SXW.csproj", "{09C859C7-B45E-4630-AF14-0C425A4D9C4D}"
EndProject
Project("{FAE04EC0-301F-11D3-BF4B-00C04F79EFBC}") = "Eiap.Framework.Base.Dependency.SXW.Test", "Eiap.Framework.Base.Dependency.SXW.Test\Eiap.Framework.Base.Dependency.SXW.Test.csproj", "{A9F6DA33-C3A9-49CF-8803-07B8672F0263}"
EndProject
Project("{FAE04EC0-301F-11D3-BF4B-00C04F79EFBC}") = "Eiap.Framework.Base.Interceptor.SXW.Test", "Eiap.Framework.Base.Interceptor.SXW.Test\Eiap.Framework.Base.Interceptor.SXW.Test.csproj", "{6127D6C2-14D6-484A-8815-300FBA05D948}"
EndProject
Project("{FAE04EC0-301F-11D3-BF4B-00C04F79EFBC}") = "Eiap.Framework.Base.Logger.LocalFile.Test", "Eiap.Framework.Base.Logger.LocalFile.Test\Eiap.Framework.Base.Logger.LocalFile.Test.csproj", "{537A3FF5-BAFB-45B6-96C8-7CA2263CAC72}"
EndProject
Project("{FAE04EC0-301F-11D3-BF4B-00C04F79EFBC}") = "Eiap.Framework.Base.Serialization.SXW", "Eiap.Framework.Base.Serialization.SXW\Eiap.Framework.Base.Serialization.SXW.csproj", "{DD0AE186-343C-4DB1-AC1C-9E0566FC7D7D}"
EndProject
Global
	GlobalSection(SolutionConfigurationPlatforms) = preSolution
		Debug|Any CPU = Debug|Any CPU
		Release|Any CPU = Release|Any CPU
	EndGlobalSection
	GlobalSection(ProjectConfigurationPlatforms) = postSolution
		{A29D9E5F-1889-4C23-A991-6BCD9CC91A45}.Debug|Any CPU.ActiveCfg = Debug|Any CPU
		{A29D9E5F-1889-4C23-A991-6BCD9CC91A45}.Debug|Any CPU.Build.0 = Debug|Any CPU
		{A29D9E5F-1889-4C23-A991-6BCD9CC91A45}.Release|Any CPU.ActiveCfg = Release|Any CPU
		{A29D9E5F-1889-4C23-A991-6BCD9CC91A45}.Release|Any CPU.Build.0 = Release|Any CPU
		{E986F31F-433C-4BA0-9284-744C2D01B497}.Debug|Any CPU.ActiveCfg = Debug|Any CPU
		{E986F31F-433C-4BA0-9284-744C2D01B497}.Debug|Any CPU.Build.0 = Debug|Any CPU
		{E986F31F-433C-4BA0-9284-744C2D01B497}.Release|Any CPU.ActiveCfg = Release|Any CPU
		{E986F31F-433C-4BA0-9284-744C2D01B497}.Release|Any CPU.Build.0 = Release|Any CPU
		{1EFE8B75-D3D9-4608-B29A-EF026770BDC5}.Debug|Any CPU.ActiveCfg = Debug|Any CPU
		{1EFE8B75-D3D9-4608-B29A-EF026770BDC5}.Debug|Any CPU.Build.0 = Debug|Any CPU
		{1EFE8B75-D3D9-4608-B29A-EF026770BDC5}.Release|Any CPU.ActiveCfg = Release|Any CPU
		{1EFE8B75-D3D9-4608-B29A-EF026770BDC5}.Release|Any CPU.Build.0 = Release|Any CPU
		{EFCA732E-18CF-410E-ADF5-B8A3E4C28FF3}.Debug|Any CPU.ActiveCfg = Debug|Any CPU
		{EFCA732E-18CF-410E-ADF5-B8A3E4C28FF3}.Debug|Any CPU.Build.0 = Debug|Any CPU
		{EFCA732E-18CF-410E-ADF5-B8A3E4C28FF3}.Release|Any CPU.ActiveCfg = Release|Any CPU
		{EFCA732E-18CF-410E-ADF5-B8A3E4C28FF3}.Release|Any CPU.Build.0 = Release|Any CPU
		{C0281458-6CE2-42DD-A807-C1C74557F354}.Debug|Any CPU.ActiveCfg = Debug|Any CPU
		{C0281458-6CE2-42DD-A807-C1C74557F354}.Debug|Any CPU.Build.0 = Debug|Any CPU
		{C0281458-6CE2-42DD-A807-C1C74557F354}.Release|Any CPU.ActiveCfg = Release|Any CPU
		{C0281458-6CE2-42DD-A807-C1C74557F354}.Release|Any CPU.Build.0 = Release|Any CPU
		{304FB927-68A0-47FB-A86D-28BF11B3D2C6}.Debug|Any CPU.ActiveCfg = Debug|Any CPU
		{304FB927-68A0-47FB-A86D-28BF11B3D2C6}.Debug|Any CPU.Build.0 = Debug|Any CPU
		{304FB927-68A0-47FB-A86D-28BF11B3D2C6}.Release|Any CPU.ActiveCfg = Release|Any CPU
		{304FB927-68A0-47FB-A86D-28BF11B3D2C6}.Release|Any CPU.Build.0 = Release|Any CPU
		{02740774-D816-47C0-8605-006A92B79FC5}.Debug|Any CPU.ActiveCfg = Debug|Any CPU
		{02740774-D816-47C0-8605-006A92B79FC5}.Debug|Any CPU.Build.0 = Debug|Any CPU
		{02740774-D816-47C0-8605-006A92B79FC5}.Release|Any CPU.ActiveCfg = Release|Any CPU
		{02740774-D816-47C0-8605-006A92B79FC5}.Release|Any CPU.Build.0 = Release|Any CPU
		{FC92C8DD-4980-409A-B0A7-66132D822CAA}.Debug|Any CPU.ActiveCfg = Debug|Any CPU
		{FC92C8DD-4980-409A-B0A7-66132D822CAA}.Debug|Any CPU.Build.0 = Debug|Any CPU
		{FC92C8DD-4980-409A-B0A7-66132D822CAA}.Release|Any CPU.ActiveCfg = Release|Any CPU
		{FC92C8DD-4980-409A-B0A7-66132D822CAA}.Release|Any CPU.Build.0 = Release|Any CPU
		{3B048B35-3ACE-43CA-95DF-218828230D25}.Debug|Any CPU.ActiveCfg = Debug|Any CPU
		{3B048B35-3ACE-43CA-95DF-218828230D25}.Debug|Any CPU.Build.0 = Debug|Any CPU
		{3B048B35-3ACE-43CA-95DF-218828230D25}.Release|Any CPU.ActiveCfg = Release|Any CPU
		{3B048B35-3ACE-43CA-95DF-218828230D25}.Release|Any CPU.Build.0 = Release|Any CPU
		{D69A7F3E-EADD-494B-AFBB-D6086B6F6FE1}.Debug|Any CPU.ActiveCfg = Debug|Any CPU
		{D69A7F3E-EADD-494B-AFBB-D6086B6F6FE1}.Debug|Any CPU.Build.0 = Debug|Any CPU
		{D69A7F3E-EADD-494B-AFBB-D6086B6F6FE1}.Release|Any CPU.ActiveCfg = Release|Any CPU
		{D69A7F3E-EADD-494B-AFBB-D6086B6F6FE1}.Release|Any CPU.Build.0 = Release|Any CPU
		{1D1818CD-255C-4EEA-BB55-6D0770D9D177}.Debug|Any CPU.ActiveCfg = Debug|Any CPU
		{1D1818CD-255C-4EEA-BB55-6D0770D9D177}.Debug|Any CPU.Build.0 = Debug|Any CPU
		{1D1818CD-255C-4EEA-BB55-6D0770D9D177}.Release|Any CPU.ActiveCfg = Release|Any CPU
		{1D1818CD-255C-4EEA-BB55-6D0770D9D177}.Release|Any CPU.Build.0 = Release|Any CPU
		{305C705E-D5BC-4DE3-BF41-BB89A0EADD37}.Debug|Any CPU.ActiveCfg = Debug|Any CPU
		{305C705E-D5BC-4DE3-BF41-BB89A0EADD37}.Debug|Any CPU.Build.0 = Debug|Any CPU
		{305C705E-D5BC-4DE3-BF41-BB89A0EADD37}.Release|Any CPU.ActiveCfg = Release|Any CPU
		{305C705E-D5BC-4DE3-BF41-BB89A0EADD37}.Release|Any CPU.Build.0 = Release|Any CPU
		{23FA8FA4-C448-4921-B19B-E7DECFCF641D}.Debug|Any CPU.ActiveCfg = Debug|Any CPU
		{23FA8FA4-C448-4921-B19B-E7DECFCF641D}.Debug|Any CPU.Build.0 = Debug|Any CPU
		{23FA8FA4-C448-4921-B19B-E7DECFCF641D}.Release|Any CPU.ActiveCfg = Release|Any CPU
		{23FA8FA4-C448-4921-B19B-E7DECFCF641D}.Release|Any CPU.Build.0 = Release|Any CPU
		{C9F8075B-770C-4959-92CE-78F89F6EF2AA}.Debug|Any CPU.ActiveCfg = Debug|Any CPU
		{C9F8075B-770C-4959-92CE-78F89F6EF2AA}.Debug|Any CPU.Build.0 = Debug|Any CPU
		{C9F8075B-770C-4959-92CE-78F89F6EF2AA}.Release|Any CPU.ActiveCfg = Release|Any CPU
		{C9F8075B-770C-4959-92CE-78F89F6EF2AA}.Release|Any CPU.Build.0 = Release|Any CPU
		{D75B6A91-8FE7-4B06-A52C-0A7FC998BD6F}.Debug|Any CPU.ActiveCfg = Debug|Any CPU
		{D75B6A91-8FE7-4B06-A52C-0A7FC998BD6F}.Debug|Any CPU.Build.0 = Debug|Any CPU
		{D75B6A91-8FE7-4B06-A52C-0A7FC998BD6F}.Release|Any CPU.ActiveCfg = Release|Any CPU
		{D75B6A91-8FE7-4B06-A52C-0A7FC998BD6F}.Release|Any CPU.Build.0 = Release|Any CPU
		{9DD6505F-1710-409D-A516-1AD3E2B15208}.Debug|Any CPU.ActiveCfg = Debug|Any CPU
		{9DD6505F-1710-409D-A516-1AD3E2B15208}.Debug|Any CPU.Build.0 = Debug|Any CPU
		{9DD6505F-1710-409D-A516-1AD3E2B15208}.Release|Any CPU.ActiveCfg = Release|Any CPU
		{9DD6505F-1710-409D-A516-1AD3E2B15208}.Release|Any CPU.Build.0 = Release|Any CPU
		{A2CEBDB4-32E6-44BD-A1B6-AB6D4250670E}.Debug|Any CPU.ActiveCfg = Debug|Any CPU
		{A2CEBDB4-32E6-44BD-A1B6-AB6D4250670E}.Debug|Any CPU.Build.0 = Debug|Any CPU
		{A2CEBDB4-32E6-44BD-A1B6-AB6D4250670E}.Release|Any CPU.ActiveCfg = Release|Any CPU
		{A2CEBDB4-32E6-44BD-A1B6-AB6D4250670E}.Release|Any CPU.Build.0 = Release|Any CPU
		{09C859C7-B45E-4630-AF14-0C425A4D9C4D}.Debug|Any CPU.ActiveCfg = Debug|Any CPU
		{09C859C7-B45E-4630-AF14-0C425A4D9C4D}.Debug|Any CPU.Build.0 = Debug|Any CPU
		{09C859C7-B45E-4630-AF14-0C425A4D9C4D}.Release|Any CPU.ActiveCfg = Release|Any CPU
		{09C859C7-B45E-4630-AF14-0C425A4D9C4D}.Release|Any CPU.Build.0 = Release|Any CPU
		{A9F6DA33-C3A9-49CF-8803-07B8672F0263}.Debug|Any CPU.ActiveCfg = Debug|Any CPU
		{A9F6DA33-C3A9-49CF-8803-07B8672F0263}.Debug|Any CPU.Build.0 = Debug|Any CPU
		{A9F6DA33-C3A9-49CF-8803-07B8672F0263}.Release|Any CPU.ActiveCfg = Release|Any CPU
		{A9F6DA33-C3A9-49CF-8803-07B8672F0263}.Release|Any CPU.Build.0 = Release|Any CPU
		{6127D6C2-14D6-484A-8815-300FBA05D948}.Debug|Any CPU.ActiveCfg = Debug|Any CPU
		{6127D6C2-14D6-484A-8815-300FBA05D948}.Debug|Any CPU.Build.0 = Debug|Any CPU
		{6127D6C2-14D6-484A-8815-300FBA05D948}.Release|Any CPU.ActiveCfg = Release|Any CPU
		{6127D6C2-14D6-484A-8815-300FBA05D948}.Release|Any CPU.Build.0 = Release|Any CPU
		{537A3FF5-BAFB-45B6-96C8-7CA2263CAC72}.Debug|Any CPU.ActiveCfg = Debug|Any CPU
		{537A3FF5-BAFB-45B6-96C8-7CA2263CAC72}.Debug|Any CPU.Build.0 = Debug|Any CPU
		{537A3FF5-BAFB-45B6-96C8-7CA2263CAC72}.Release|Any CPU.ActiveCfg = Release|Any CPU
		{537A3FF5-BAFB-45B6-96C8-7CA2263CAC72}.Release|Any CPU.Build.0 = Release|Any CPU
		{DD0AE186-343C-4DB1-AC1C-9E0566FC7D7D}.Debug|Any CPU.ActiveCfg = Debug|Any CPU
		{DD0AE186-343C-4DB1-AC1C-9E0566FC7D7D}.Debug|Any CPU.Build.0 = Debug|Any CPU
		{DD0AE186-343C-4DB1-AC1C-9E0566FC7D7D}.Release|Any CPU.ActiveCfg = Release|Any CPU
		{DD0AE186-343C-4DB1-AC1C-9E0566FC7D7D}.Release|Any CPU.Build.0 = Release|Any CPU
	EndGlobalSection
	GlobalSection(SolutionProperties) = preSolution
		HideSolutionNode = FALSE
	EndGlobalSection
EndGlobal
